
Microsoft Visual Studio Solution File, Format Version 12.00
# Visual Studio Version 16
VisualStudioVersion = 16.0.30907.101
MinimumVisualStudioVersion = 10.0.40219.1
Project("{FAE04EC0-301F-11D3-BF4B-00C04F79EFBC}") = "CD_SammlungTeil1", "CD_SammlungTeil1\CD_SammlungTeil1.csproj", "{246A6B39-4237-4F86-8045-7F934C8DADAC}"
EndProject
Global
	GlobalSection(SolutionConfigurationPlatforms) = preSolution
		Debug|Any CPU = Debug|Any CPU
		Release|Any CPU = Release|Any CPU
	EndGlobalSection
	GlobalSection(ProjectConfigurationPlatforms) = postSolution
		{246A6B39-4237-4F86-8045-7F934C8DADAC}.Debug|Any CPU.ActiveCfg = Debug|Any CPU
		{246A6B39-4237-4F86-8045-7F934C8DADAC}.Debug|Any CPU.Build.0 = Debug|Any CPU
		{246A6B39-4237-4F86-8045-7F934C8DADAC}.Release|Any CPU.ActiveCfg = Release|Any CPU
		{246A6B39-4237-4F86-8045-7F934C8DADAC}.Release|Any CPU.Build.0 = Release|Any CPU
	EndGlobalSection
	GlobalSection(SolutionProperties) = preSolution
		HideSolutionNode = FALSE
	EndGlobalSection
	GlobalSection(ExtensibilityGlobals) = postSolution
		SolutionGuid = {B02F0422-78F1-4D73-97A7-603BF397412E}
	EndGlobalSection
EndGlobal
